
Microsoft Visual Studio Solution File, Format Version 12.00
# Visual Studio 15
VisualStudioVersion = 15.0.28307.1259
MinimumVisualStudioVersion = 10.0.40219.1
Project("{FAE04EC0-301F-11D3-BF4B-00C04F79EFBC}") = "RentalKendaraan_20180140069", "RentalKendaraan_20180140069\RentalKendaraan_20180140069.csproj", "{4AAA8454-3688-4543-A350-F3FC5E48D36F}"
EndProject
Global
	GlobalSection(SolutionConfigurationPlatforms) = preSolution
		Debug|Any CPU = Debug|Any CPU
		Release|Any CPU = Release|Any CPU
	EndGlobalSection
	GlobalSection(ProjectConfigurationPlatforms) = postSolution
		{4AAA8454-3688-4543-A350-F3FC5E48D36F}.Debug|Any CPU.ActiveCfg = Debug|Any CPU
		{4AAA8454-3688-4543-A350-F3FC5E48D36F}.Debug|Any CPU.Build.0 = Debug|Any CPU
		{4AAA8454-3688-4543-A350-F3FC5E48D36F}.Release|Any CPU.ActiveCfg = Release|Any CPU
		{4AAA8454-3688-4543-A350-F3FC5E48D36F}.Release|Any CPU.Build.0 = Release|Any CPU
	EndGlobalSection
	GlobalSection(SolutionProperties) = preSolution
		HideSolutionNode = FALSE
	EndGlobalSection
	GlobalSection(ExtensibilityGlobals) = postSolution
		SolutionGuid = {E4E7606C-87BB-464D-82F3-CF669DB881B4}
	EndGlobalSection
EndGlobal
